// !$*UTF8*$!
{
	archiveVersion = 1;
	classes = {
	};
	objectVersion = 50;
	objects = {

/* Begin PBXBuildFile section */
		0464FE57267F374800BF04C2 /* AppDelegate.swift in Sources */ = {isa = PBXBuildFile; fileRef = 0464FE56267F374800BF04C2 /* AppDelegate.swift */; };
		0464FE59267F374800BF04C2 /* SceneDelegate.swift in Sources */ = {isa = PBXBuildFile; fileRef = 0464FE58267F374800BF04C2 /* SceneDelegate.swift */; };
		0464FE5B267F374800BF04C2 /* ViewController.swift in Sources */ = {isa = PBXBuildFile; fileRef = 0464FE5A267F374800BF04C2 /* ViewController.swift */; };
		0464FE5E267F374800BF04C2 /* Main.storyboard in Resources */ = {isa = PBXBuildFile; fileRef = 0464FE5C267F374800BF04C2 /* Main.storyboard */; };
		0464FE60267F374C00BF04C2 /* Assets.xcassets in Resources */ = {isa = PBXBuildFile; fileRef = 0464FE5F267F374C00BF04C2 /* Assets.xcassets */; };
		0464FE63267F374C00BF04C2 /* LaunchScreen.storyboard in Resources */ = {isa = PBXBuildFile; fileRef = 0464FE61267F374C00BF04C2 /* LaunchScreen.storyboard */; };
		0464FE6E267F374C00BF04C2 /* LoadRemoteImagesTests.swift in Sources */ = {isa = PBXBuildFile; fileRef = 0464FE6D267F374C00BF04C2 /* LoadRemoteImagesTests.swift */; };
		0464FE79267F374C00BF04C2 /* LoadRemoteImagesUITests.swift in Sources */ = {isa = PBXBuildFile; fileRef = 0464FE78267F374C00BF04C2 /* LoadRemoteImagesUITests.swift */; };
/* End PBXBuildFile section */

/* Begin PBXContainerItemProxy section */
		0464FE6A267F374C00BF04C2 /* PBXContainerItemProxy */ = {
			isa = PBXContainerItemProxy;
			containerPortal = 0464FE4B267F374700BF04C2 /* Project object */;
			proxyType = 1;
			remoteGlobalIDString = 0464FE52267F374800BF04C2;
			remoteInfo = LoadRemoteImages;
		};
		0464FE75267F374C00BF04C2 /* PBXContainerItemProxy */ = {
			isa = PBXContainerItemProxy;
			containerPortal = 0464FE4B267F374700BF04C2 /* Project object */;
			proxyType = 1;
			remoteGlobalIDString = 0464FE52267F374800BF04C2;
			remoteInfo = LoadRemoteImages;
		};
/* End PBXContainerItemProxy section */

/* Begin PBXFileReference section */
		0464FE53267F374800BF04C2 /* LoadRemoteImages.app */ = {isa = PBXFileReference; explicitFileType = wrapper.application; includeInIndex = 0; path = LoadRemoteImages.app; sourceTree = BUILT_PRODUCTS_DIR; };
		0464FE56267F374800BF04C2 /* AppDelegate.swift */ = {isa = PBXFileReference; lastKnownFileType = sourcecode.swift; path = AppDelegate.swift; sourceTree = "<group>"; };
		0464FE58267F374800BF04C2 /* SceneDelegate.swift */ = {isa = PBXFileReference; lastKnownFileType = sourcecode.swift; path = SceneDelegate.swift; sourceTree = "<group>"; };
		0464FE5A267F374800BF04C2 /* ViewController.swift */ = {isa = PBXFileReference; lastKnownFileType = sourcecode.swift; path = ViewController.swift; sourceTree = "<group>"; };
		0464FE5D267F374800BF04C2 /* Base */ = {isa = PBXFileReference; lastKnownFileType = file.storyboard; name = Base; path = Base.lproj/Main.storyboard; sourceTree = "<group>"; };
		0464FE5F267F374C00BF04C2 /* Assets.xcassets */ = {isa = PBXFileReference; lastKnownFileType = folder.assetcatalog; path = Assets.xcassets; sourceTree = "<group>"; };
		0464FE62267F374C00BF04C2 /* Base */ = {isa = PBXFileReference; lastKnownFileType = file.storyboard; name = Base; path = Base.lproj/LaunchScreen.storyboard; sourceTree = "<group>"; };
		0464FE64267F374C00BF04C2 /* Info.plist */ = {isa = PBXFileReference; lastKnownFileType = text.plist.xml; path = Info.plist; sourceTree = "<group>"; };
		0464FE69267F374C00BF04C2 /* LoadRemoteImagesTests.xctest */ = {isa = PBXFileReference; explicitFileType = wrapper.cfbundle; includeInIndex = 0; path = LoadRemoteImagesTests.xctest; sourceTree = BUILT_PRODUCTS_DIR; };
		0464FE6D267F374C00BF04C2 /* LoadRemoteImagesTests.swift */ = {isa = PBXFileReference; lastKnownFileType = sourcecode.swift; path = LoadRemoteImagesTests.swift; sourceTree = "<group>"; };
		0464FE6F267F374C00BF04C2 /* Info.plist */ = {isa = PBXFileReference; lastKnownFileType = text.plist.xml; path = Info.plist; sourceTree = "<group>"; };
		0464FE74267F374C00BF04C2 /* LoadRemoteImagesUITests.xctest */ = {isa = PBXFileReference; explicitFileType = wrapper.cfbundle; includeInIndex = 0; path = LoadRemoteImagesUITests.xctest; sourceTree = BUILT_PRODUCTS_DIR; };
		0464FE78267F374C00BF04C2 /* LoadRemoteImagesUITests.swift */ = {isa = PBXFileReference; lastKnownFileType = sourcecode.swift; path = LoadRemoteImagesUITests.swift; sourceTree = "<group>"; };
		0464FE7A267F374C00BF04C2 /* Info.plist */ = {isa = PBXFileReference; lastKnownFileType = text.plist.xml; path = Info.plist; sourceTree = "<group>"; };
/* End PBXFileReference section */

/* Begin PBXFrameworksBuildPhase section */
		0464FE50267F374800BF04C2 /* Frameworks */ = {
			isa = PBXFrameworksBuildPhase;
			buildActionMask = 2147483647;
			files = (
			);
			runOnlyForDeploymentPostprocessing = 0;
		};
		0464FE66267F374C00BF04C2 /* Frameworks */ = {
			isa = PBXFrameworksBuildPhase;
			buildActionMask = 2147483647;
			files = (
			);
			runOnlyForDeploymentPostprocessing = 0;
		};
		0464FE71267F374C00BF04C2 /* Frameworks */ = {
			isa = PBXFrameworksBuildPhase;
			buildActionMask = 2147483647;
			files = (
			);
			runOnlyForDeploymentPostprocessing = 0;
		};
/* End PBXFrameworksBuildPhase section */

/* Begin PBXGroup section */
		0464FE4A267F374700BF04C2 = {
			isa = PBXGroup;
			children = (
				0464FE55267F374800BF04C2 /* LoadRemoteImages */,
				0464FE6C267F374C00BF04C2 /* LoadRemoteImagesTests */,
				0464FE77267F374C00BF04C2 /* LoadRemoteImagesUITests */,
				0464FE54267F374800BF04C2 /* Products */,
			);
			sourceTree = "<group>";
		};
		0464FE54267F374800BF04C2 /* Products */ = {
			isa = PBXGroup;
			children = (
				0464FE53267F374800BF04C2 /* LoadRemoteImages.app */,
				0464FE69267F374C00BF04C2 /* LoadRemoteImagesTests.xctest */,
				0464FE74267F374C00BF04C2 /* LoadRemoteImagesUITests.xctest */,
			);
			name = Products;
			sourceTree = "<group>";
		};
		0464FE55267F374800BF04C2 /* LoadRemoteImages */ = {
			isa = PBXGroup;
			children = (
				0464FE56267F374800BF04C2 /* AppDelegate.swift */,
				0464FE58267F374800BF04C2 /* SceneDelegate.swift */,
				0464FE5A267F374800BF04C2 /* ViewController.swift */,
				0464FE5C267F374800BF04C2 /* Main.storyboard */,
				0464FE5F267F374C00BF04C2 /* Assets.xcassets */,
				0464FE61267F374C00BF04C2 /* LaunchScreen.storyboard */,
				0464FE64267F374C00BF04C2 /* Info.plist */,
			);
			path = LoadRemoteImages;
			sourceTree = "<group>";
		};
		0464FE6C267F374C00BF04C2 /* LoadRemoteImagesTests */ = {
			isa = PBXGroup;
			children = (
				0464FE6D267F374C00BF04C2 /* LoadRemoteImagesTests.swift */,
				0464FE6F267F374C00BF04C2 /* Info.plist */,
			);
			path = LoadRemoteImagesTests;
			sourceTree = "<group>";
		};
		0464FE77267F374C00BF04C2 /* LoadRemoteImagesUITests */ = {
			isa = PBXGroup;
			children = (
				0464FE78267F374C00BF04C2 /* LoadRemoteImagesUITests.swift */,
				0464FE7A267F374C00BF04C2 /* Info.plist */,
			);
			path = LoadRemoteImagesUITests;
			sourceTree = "<group>";
		};
/* End PBXGroup section */

/* Begin PBXNativeTarget section */
		0464FE52267F374800BF04C2 /* LoadRemoteImages */ = {
			isa = PBXNativeTarget;
			buildConfigurationList = 0464FE7D267F374C00BF04C2 /* Build configuration list for PBXNativeTarget "LoadRemoteImages" */;
			buildPhases = (
				0464FE4F267F374800BF04C2 /* Sources */,
				0464FE50267F374800BF04C2 /* Frameworks */,
				0464FE51267F374800BF04C2 /* Resources */,
			);
			buildRules = (
			);
			dependencies = (
			);
			name = LoadRemoteImages;
			productName = LoadRemoteImages;
			productReference = 0464FE53267F374800BF04C2 /* LoadRemoteImages.app */;
			productType = "com.apple.product-type.application";
		};
		0464FE68267F374C00BF04C2 /* LoadRemoteImagesTests */ = {
			isa = PBXNativeTarget;
			buildConfigurationList = 0464FE80267F374C00BF04C2 /* Build configuration list for PBXNativeTarget "LoadRemoteImagesTests" */;
			buildPhases = (
				0464FE65267F374C00BF04C2 /* Sources */,
				0464FE66267F374C00BF04C2 /* Frameworks */,
				0464FE67267F374C00BF04C2 /* Resources */,
			);
			buildRules = (
			);
			dependencies = (
				0464FE6B267F374C00BF04C2 /* PBXTargetDependency */,
			);
			name = LoadRemoteImagesTests;
			productName = LoadRemoteImagesTests;
			productReference = 0464FE69267F374C00BF04C2 /* LoadRemoteImagesTests.xctest */;
			productType = "com.apple.product-type.bundle.unit-test";
		};
		0464FE73267F374C00BF04C2 /* LoadRemoteImagesUITests */ = {
			isa = PBXNativeTarget;
			buildConfigurationList = 0464FE83267F374C00BF04C2 /* Build configuration list for PBXNativeTarget "LoadRemoteImagesUITests" */;
			buildPhases = (
				0464FE70267F374C00BF04C2 /* Sources */,
				0464FE71267F374C00BF04C2 /* Frameworks */,
				0464FE72267F374C00BF04C2 /* Resources */,
			);
			buildRules = (
			);
			dependencies = (
				0464FE76267F374C00BF04C2 /* PBXTargetDependency */,
			);
			name = LoadRemoteImagesUITests;
			productName = LoadRemoteImagesUITests;
			productReference = 0464FE74267F374C00BF04C2 /* LoadRemoteImagesUITests.xctest */;
			productType = "com.apple.product-type.bundle.ui-testing";
		};
/* End PBXNativeTarget section */

/* Begin PBXProject section */
		0464FE4B267F374700BF04C2 /* Project object */ = {
			isa = PBXProject;
			attributes = {
				LastSwiftUpdateCheck = 1250;
				LastUpgradeCheck = 1250;
				TargetAttributes = {
					0464FE52267F374800BF04C2 = {
						CreatedOnToolsVersion = 12.5;
					};
					0464FE68267F374C00BF04C2 = {
						CreatedOnToolsVersion = 12.5;
						TestTargetID = 0464FE52267F374800BF04C2;
					};
					0464FE73267F374C00BF04C2 = {
						CreatedOnToolsVersion = 12.5;
						TestTargetID = 0464FE52267F374800BF04C2;
					};
				};
			};
			buildConfigurationList = 0464FE4E267F374700BF04C2 /* Build configuration list for PBXProject "LoadRemoteImages" */;
			compatibilityVersion = "Xcode 9.3";
			developmentRegion = en;
			hasScannedForEncodings = 0;
			knownRegions = (
				en,
				Base,
			);
			mainGroup = 0464FE4A267F374700BF04C2;
			productRefGroup = 0464FE54267F374800BF04C2 /* Products */;
			projectDirPath = "";
			projectRoot = "";
			targets = (
				0464FE52267F374800BF04C2 /* LoadRemoteImages */,
				0464FE68267F374C00BF04C2 /* LoadRemoteImagesTests */,
				0464FE73267F374C00BF04C2 /* LoadRemoteImagesUITests */,
			);
		};
/* End PBXProject section */

/* Begin PBXResourcesBuildPhase section */
		0464FE51267F374800BF04C2 /* Resources */ = {
			isa = PBXResourcesBuildPhase;
			buildActionMask = 2147483647;
			files = (
				0464FE63267F374C00BF04C2 /* LaunchScreen.storyboard in Resources */,
				0464FE60267F374C00BF04C2 /* Assets.xcassets in Resources */,
				0464FE5E267F374800BF04C2 /* Main.storyboard in Resources */,
			);
			runOnlyForDeploymentPostprocessing = 0;
		};
		0464FE67267F374C00BF04C2 /* Resources */ = {
			isa = PBXResourcesBuildPhase;
			buildActionMask = 2147483647;
			files = (
			);
			runOnlyForDeploymentPostprocessing = 0;
		};
		0464FE72267F374C00BF04C2 /* Resources */ = {
			isa = PBXResourcesBuildPhase;
			buildActionMask = 2147483647;
			files = (
			);
			runOnlyForDeploymentPostprocessing = 0;
		};
/* End PBXResourcesBuildPhase section */

/* Begin PBXSourcesBuildPhase section */
		0464FE4F267F374800BF04C2 /* Sources */ = {
			isa = PBXSourcesBuildPhase;
			buildActionMask = 2147483647;
			files = (
				0464FE5B267F374800BF04C2 /* ViewController.swift in Sources */,
				0464FE57267F374800BF04C2 /* AppDelegate.swift in Sources */,
				0464FE59267F374800BF04C2 /* SceneDelegate.swift in Sources */,
			);
			runOnlyForDeploymentPostprocessing = 0;
		};
		0464FE65267F374C00BF04C2 /* Sources */ = {
			isa = PBXSourcesBuildPhase;
			buildActionMask = 2147483647;
			files = (
				0464FE6E267F374C00BF04C2 /* LoadRemoteImagesTests.swift in Sources */,
			);
			runOnlyForDeploymentPostprocessing = 0;
		};
		0464FE70267F374C00BF04C2 /* Sources */ = {
			isa = PBXSourcesBuildPhase;
			buildActionMask = 2147483647;
			files = (
				0464FE79267F374C00BF04C2 /* LoadRemoteImagesUITests.swift in Sources */,
			);
			runOnlyForDeploymentPostprocessing = 0;
		};
/* End PBXSourcesBuildPhase section */

/* Begin PBXTargetDependency section */
		0464FE6B267F374C00BF04C2 /* PBXTargetDependency */ = {
			isa = PBXTargetDependency;
			target = 0464FE52267F374800BF04C2 /* LoadRemoteImages */;
			targetProxy = 0464FE6A267F374C00BF04C2 /* PBXContainerItemProxy */;
		};
		0464FE76267F374C00BF04C2 /* PBXTargetDependency */ = {
			isa = PBXTargetDependency;
			target = 0464FE52267F374800BF04C2 /* LoadRemoteImages */;
			targetProxy = 0464FE75267F374C00BF04C2 /* PBXContainerItemProxy */;
		};
/* End PBXTargetDependency section */

/* Begin PBXVariantGroup section */
		0464FE5C267F374800BF04C2 /* Main.storyboard */ = {
			isa = PBXVariantGroup;
			children = (
				0464FE5D267F374800BF04C2 /* Base */,
			);
			name = Main.storyboard;
			sourceTree = "<group>";
		};
		0464FE61267F374C00BF04C2 /* LaunchScreen.storyboard */ = {
			isa = PBXVariantGroup;
			children = (
				0464FE62267F374C00BF04C2 /* Base */,
			);
			name = LaunchScreen.storyboard;
			sourceTree = "<group>";
		};
/* End PBXVariantGroup section */

/* Begin XCBuildConfiguration section */
		0464FE7B267F374C00BF04C2 /* Debug */ = {
			isa = XCBuildConfiguration;
			buildSettings = {
				ALWAYS_SEARCH_USER_PATHS = NO;
				CLANG_ANALYZER_NONNULL = YES;
				CLANG_ANALYZER_NUMBER_OBJECT_CONVERSION = YES_AGGRESSIVE;
				CLANG_CXX_LANGUAGE_STANDARD = "gnu++14";
				CLANG_CXX_LIBRARY = "libc++";
				CLANG_ENABLE_MODULES = YES;
				CLANG_ENABLE_OBJC_ARC = YES;
				CLANG_ENABLE_OBJC_WEAK = YES;
				CLANG_WARN_BLOCK_CAPTURE_AUTORELEASING = YES;
				CLANG_WARN_BOOL_CONVERSION = YES;
				CLANG_WARN_COMMA = YES;
				CLANG_WARN_CONSTANT_CONVERSION = YES;
				CLANG_WARN_DEPRECATED_OBJC_IMPLEMENTATIONS = YES;
				CLANG_WARN_DIRECT_OBJC_ISA_USAGE = YES_ERROR;
				CLANG_WARN_DOCUMENTATION_COMMENTS = YES;
				CLANG_WARN_EMPTY_BODY = YES;
				CLANG_WARN_ENUM_CONVERSION = YES;
				CLANG_WARN_INFINITE_RECURSION = YES;
				CLANG_WARN_INT_CONVERSION = YES;
				CLANG_WARN_NON_LITERAL_NULL_CONVERSION = YES;
				CLANG_WARN_OBJC_IMPLICIT_RETAIN_SELF = YES;
				CLANG_WARN_OBJC_LITERAL_CONVERSION = YES;
				CLANG_WARN_OBJC_ROOT_CLASS = YES_ERROR;
				CLANG_WARN_QUOTED_INCLUDE_IN_FRAMEWORK_HEADER = YES;
				CLANG_WARN_RANGE_LOOP_ANALYSIS = YES;
				CLANG_WARN_STRICT_PROTOTYPES = YES;
				CLANG_WARN_SUSPICIOUS_MOVE = YES;
				CLANG_WARN_UNGUARDED_AVAILABILITY = YES_AGGRESSIVE;
				CLANG_WARN_UNREACHABLE_CODE = YES;
				CLANG_WARN__DUPLICATE_METHOD_MATCH = YES;
				COPY_PHASE_STRIP = NO;
				DEBUG_INFORMATION_FORMAT = dwarf;
				ENABLE_STRICT_OBJC_MSGSEND = YES;
				ENABLE_TESTABILITY = YES;
				GCC_C_LANGUAGE_STANDARD = gnu11;
				GCC_DYNAMIC_NO_PIC = NO;
				GCC_NO_COMMON_BLOCKS = YES;
				GCC_OPTIMIZATION_LEVEL = 0;
				GCC_PREPROCESSOR_DEFINITIONS = (
					"DEBUG=1",
					"$(inherited)",
				);
				GCC_WARN_64_TO_32_BIT_CONVERSION = YES;
				GCC_WARN_ABOUT_RETURN_TYPE = YES_ERROR;
				GCC_WARN_UNDECLARED_SELECTOR = YES;
				GCC_WARN_UNINITIALIZED_AUTOS = YES_AGGRESSIVE;
				GCC_WARN_UNUSED_FUNCTION = YES;
				GCC_WARN_UNUSED_VARIABLE = YES;
				IPHONEOS_DEPLOYMENT_TARGET = 14.5;
				MTL_ENABLE_DEBUG_INFO = INCLUDE_SOURCE;
				MTL_FAST_MATH = YES;
				ONLY_ACTIVE_ARCH = YES;
				SDKROOT = iphoneos;
				SWIFT_ACTIVE_COMPILATION_CONDITIONS = DEBUG;
				SWIFT_OPTIMIZATION_LEVEL = "-Onone";
			};
			name = Debug;
		};
		0464FE7C267F374C00BF04C2 /* Release */ = {
			isa = XCBuildConfiguration;
			buildSettings = {
				ALWAYS_SEARCH_USER_PATHS = NO;
				CLANG_ANALYZER_NONNULL = YES;
				CLANG_ANALYZER_NUMBER_OBJECT_CONVERSION = YES_AGGRESSIVE;
				CLANG_CXX_LANGUAGE_STANDARD = "gnu++14";
				CLANG_CXX_LIBRARY = "libc++";
				CLANG_ENABLE_MODULES = YES;
				CLANG_ENABLE_OBJC_ARC = YES;
				CLANG_ENABLE_OBJC_WEAK = YES;
				CLANG_WARN_BLOCK_CAPTURE_AUTORELEASING = YES;
				CLANG_WARN_BOOL_CONVERSION = YES;
				CLANG_WARN_COMMA = YES;
				CLANG_WARN_CONSTANT_CONVERSION = YES;
				CLANG_WARN_DEPRECATED_OBJC_IMPLEMENTATIONS = YES;
				CLANG_WARN_DIRECT_OBJC_ISA_USAGE = YES_ERROR;
				CLANG_WARN_DOCUMENTATION_COMMENTS = YES;
				CLANG_WARN_EMPTY_BODY = YES;
				CLANG_WARN_ENUM_CONVERSION = YES;
				CLANG_WARN_INFINITE_RECURSION = YES;
				CLANG_WARN_INT_CONVERSION = YES;
				CLANG_WARN_NON_LITERAL_NULL_CONVERSION = YES;
				CLANG_WARN_OBJC_IMPLICIT_RETAIN_SELF = YES;
				CLANG_WARN_OBJC_LITERAL_CONVERSION = YES;
				CLANG_WARN_OBJC_ROOT_CLASS = YES_ERROR;
				CLANG_WARN_QUOTED_INCLUDE_IN_FRAMEWORK_HEADER = YES;
				CLANG_WARN_RANGE_LOOP_ANALYSIS = YES;
				CLANG_WARN_STRICT_PROTOTYPES = YES;
				CLANG_WARN_SUSPICIOUS_MOVE = YES;
				CLANG_WARN_UNGUARDED_AVAILABILITY = YES_AGGRESSIVE;
				CLANG_WARN_UNREACHABLE_CODE = YES;
				CLANG_WARN__DUPLICATE_METHOD_MATCH = YES;
				COPY_PHASE_STRIP = NO;
				DEBUG_INFORMATION_FORMAT = "dwarf-with-dsym";
				ENABLE_NS_ASSERTIONS = NO;
				ENABLE_STRICT_OBJC_MSGSEND = YES;
				GCC_C_LANGUAGE_STANDARD = gnu11;
				GCC_NO_COMMON_BLOCKS = YES;
				GCC_WARN_64_TO_32_BIT_CONVERSION = YES;
				GCC_WARN_ABOUT_RETURN_TYPE = YES_ERROR;
				GCC_WARN_UNDECLARED_SELECTOR = YES;
				GCC_WARN_UNINITIALIZED_AUTOS = YES_AGGRESSIVE;
				GCC_WARN_UNUSED_FUNCTION = YES;
				GCC_WARN_UNUSED_VARIABLE = YES;
				IPHONEOS_DEPLOYMENT_TARGET = 14.5;
				MTL_ENABLE_DEBUG_INFO = NO;
				MTL_FAST_MATH = YES;
				SDKROOT = iphoneos;
				SWIFT_COMPILATION_MODE = wholemodule;
				SWIFT_OPTIMIZATION_LEVEL = "-O";
				VALIDATE_PRODUCT = YES;
			};
			name = Release;
		};
		0464FE7E267F374C00BF04C2 /* Debug */ = {
			isa = XCBuildConfiguration;
			buildSettings = {
				ASSETCATALOG_COMPILER_APPICON_NAME = AppIcon;
				ASSETCATALOG_COMPILER_GLOBAL_ACCENT_COLOR_NAME = AccentColor;
				CODE_SIGN_STYLE = Automatic;
				DEVELOPMENT_TEAM = 6ZPB2R3KP8;
				INFOPLIST_FILE = LoadRemoteImages/Info.plist;
				LD_RUNPATH_SEARCH_PATHS = (
					"$(inherited)",
					"@executable_path/Frameworks",
				);
				PRODUCT_BUNDLE_IDENTIFIER = com.waheedcodes.LoadRemoteImages;
				PRODUCT_NAME = "$(TARGET_NAME)";
				SWIFT_VERSION = 5.0;
				TARGETED_DEVICE_FAMILY = "1,2";
			};
			name = Debug;
		};
		0464FE7F267F374C00BF04C2 /* Release */ = {
			isa = XCBuildConfiguration;
			buildSettings = {
				ASSETCATALOG_COMPILER_APPICON_NAME = AppIcon;
				ASSETCATALOG_COMPILER_GLOBAL_ACCENT_COLOR_NAME = AccentColor;
				CODE_SIGN_STYLE = Automatic;
				DEVELOPMENT_TEAM = 6ZPB2R3KP8;
				INFOPLIST_FILE = LoadRemoteImages/Info.plist;
				LD_RUNPATH_SEARCH_PATHS = (
					"$(inherited)",
					"@executable_path/Frameworks",
				);
				PRODUCT_BUNDLE_IDENTIFIER = com.waheedcodes.LoadRemoteImages;
				PRODUCT_NAME = "$(TARGET_NAME)";
				SWIFT_VERSION = 5.0;
				TARGETED_DEVICE_FAMILY = "1,2";
			};
			name = Release;
		};
		0464FE81267F374C00BF04C2 /* Debug */ = {
			isa = XCBuildConfiguration;
			buildSettings = {
				ALWAYS_EMBED_SWIFT_STANDARD_LIBRARIES = YES;
				BUNDLE_LOADER = "$(TEST_HOST)";
				CODE_SIGN_STYLE = Automatic;
				DEVELOPMENT_TEAM = 6ZPB2R3KP8;
				INFOPLIST_FILE = LoadRemoteImagesTests/Info.plist;
				IPHONEOS_DEPLOYMENT_TARGET = 14.5;
				LD_RUNPATH_SEARCH_PATHS = (
					"$(inherited)",
					"@executable_path/Frameworks",
					"@loader_path/Frameworks",
				);
				PRODUCT_BUNDLE_IDENTIFIER = com.waheedcodes.LoadRemoteImagesTests;
				PRODUCT_NAME = "$(TARGET_NAME)";
				SWIFT_VERSION = 5.0;
				TARGETED_DEVICE_FAMILY = "1,2";
				TEST_HOST = "$(BUILT_PRODUCTS_DIR)/LoadRemoteImages.app/LoadRemoteImages";
			};
			name = Debug;
		};
		0464FE82267F374C00BF04C2 /* Release */ = {
			isa = XCBuildConfiguration;
			buildSettings = {
				ALWAYS_EMBED_SWIFT_STANDARD_LIBRARIES = YES;
				BUNDLE_LOADER = "$(TEST_HOST)";
				CODE_SIGN_STYLE = Automatic;
				DEVELOPMENT_TEAM = 6ZPB2R3KP8;
				INFOPLIST_FILE = LoadRemoteImagesTests/Info.plist;
				IPHONEOS_DEPLOYMENT_TARGET = 14.5;
				LD_RUNPATH_SEARCH_PATHS = (
					"$(inherited)",
					"@executable_path/Frameworks",
					"@loader_path/Frameworks",
				);
				PRODUCT_BUNDLE_IDENTIFIER = com.waheedcodes.LoadRemoteImagesTests;
				PRODUCT_NAME = "$(TARGET_NAME)";
				SWIFT_VERSION = 5.0;
				TARGETED_DEVICE_FAMILY = "1,2";
				TEST_HOST = "$(BUILT_PRODUCTS_DIR)/LoadRemoteImages.app/LoadRemoteImages";
			};
			name = Release;
		};
		0464FE84267F374C00BF04C2 /* Debug */ = {
			isa = XCBuildConfiguration;
			buildSettings = {
				ALWAYS_EMBED_SWIFT_STANDARD_LIBRARIES = YES;
				CODE_SIGN_STYLE = Automatic;
				DEVELOPMENT_TEAM = 6ZPB2R3KP8;
				INFOPLIST_FILE = LoadRemoteImagesUITests/Info.plist;
				LD_RUNPATH_SEARCH_PATHS = (
					"$(inherited)",
					"@executable_path/Frameworks",
					"@loader_path/Frameworks",
				);
				PRODUCT_BUNDLE_IDENTIFIER = com.waheedcodes.LoadRemoteImagesUITests;
				PRODUCT_NAME = "$(TARGET_NAME)";
				SWIFT_VERSION = 5.0;
				TARGETED_DEVICE_FAMILY = "1,2";
				TEST_TARGET_NAME = LoadRemoteImages;
			};
			name = Debug;
		};
		0464FE85267F374C00BF04C2 /* Release */ = {
			isa = XCBuildConfiguration;
			buildSettings = {
				ALWAYS_EMBED_SWIFT_STANDARD_LIBRARIES = YES;
				CODE_SIGN_STYLE = Automatic;
				DEVELOPMENT_TEAM = 6ZPB2R3KP8;
				INFOPLIST_FILE = LoadRemoteImagesUITests/Info.plist;
				LD_RUNPATH_SEARCH_PATHS = (
					"$(inherited)",
					"@executable_path/Frameworks",
					"@loader_path/Frameworks",
				);
				PRODUCT_BUNDLE_IDENTIFIER = com.waheedcodes.LoadRemoteImagesUITests;
				PRODUCT_NAME = "$(TARGET_NAME)";
				SWIFT_VERSION = 5.0;
				TARGETED_DEVICE_FAMILY = "1,2";
				TEST_TARGET_NAME = LoadRemoteImages;
			};
			name = Release;
		};
/* End XCBuildConfiguration section */

/* Begin XCConfigurationList section */
		0464FE4E267F374700BF04C2 /* Build configuration list for PBXProject "LoadRemoteImages" */ = {
			isa = XCConfigurationList;
			buildConfigurations = (
				0464FE7B267F374C00BF04C2 /* Debug */,
				0464FE7C267F374C00BF04C2 /* Release */,
			);
			defaultConfigurationIsVisible = 0;
			defaultConfigurationName = Release;
		};
		0464FE7D267F374C00BF04C2 /* Build configuration list for PBXNativeTarget "LoadRemoteImages" */ = {
			isa = XCConfigurationList;
			buildConfigurations = (
				0464FE7E267F374C00BF04C2 /* Debug */,
				0464FE7F267F374C00BF04C2 /* Release */,
			);
			defaultConfigurationIsVisible = 0;
			defaultConfigurationName = Release;
		};
		0464FE80267F374C00BF04C2 /* Build configuration list for PBXNativeTarget "LoadRemoteImagesTests" */ = {
			isa = XCConfigurationList;
			buildConfigurations = (
				0464FE81267F374C00BF04C2 /* Debug */,
				0464FE82267F374C00BF04C2 /* Release */,
			);
			defaultConfigurationIsVisible = 0;
			defaultConfigurationName = Release;
		};
		0464FE83267F374C00BF04C2 /* Build configuration list for PBXNativeTarget "LoadRemoteImagesUITests" */ = {
			isa = XCConfigurationList;
			buildConfigurations = (
				0464FE84267F374C00BF04C2 /* Debug */,
				0464FE85267F374C00BF04C2 /* Release */,
			);
			defaultConfigurationIsVisible = 0;
			defaultConfigurationName = Release;
		};
/* End XCConfigurationList section */
	};
	rootObject = 0464FE4B267F374700BF04C2 /* Project object */;
}
